// !$*UTF8*$!
{
	archiveVersion = 1;
	classes = {
	};
	objectVersion = 50;
	objects = {

/* Begin PBXBuildFile section */
		09B0DCA023B97A5F00FDCDDB /* AppDelegate.swift in Sources */ = {isa = PBXBuildFile; fileRef = 09B0DC9F23B97A5F00FDCDDB /* AppDelegate.swift */; };
		09B0DCA223B97A5F00FDCDDB /* SceneDelegate.swift in Sources */ = {isa = PBXBuildFile; fileRef = 09B0DCA123B97A5F00FDCDDB /* SceneDelegate.swift */; };
		09B0DCA723B97A5F00FDCDDB /* Main.storyboard in Resources */ = {isa = PBXBuildFile; fileRef = 09B0DCA523B97A5F00FDCDDB /* Main.storyboard */; };
		09B0DCA923B97A6200FDCDDB /* Assets.xcassets in Resources */ = {isa = PBXBuildFile; fileRef = 09B0DCA823B97A6200FDCDDB /* Assets.xcassets */; };
		09B0DCAC23B97A6200FDCDDB /* LaunchScreen.storyboard in Resources */ = {isa = PBXBuildFile; fileRef = 09B0DCAA23B97A6200FDCDDB /* LaunchScreen.storyboard */; };
		09B0DCB423B983B900FDCDDB /* upDownViewController.swift in Sources */ = {isa = PBXBuildFile; fileRef = 09B0DCB323B983B900FDCDDB /* upDownViewController.swift */; };
/* End PBXBuildFile section */

/* Begin PBXFileReference section */
		09B0DC9C23B97A5F00FDCDDB /* 20191230_updown.app */ = {isa = PBXFileReference; explicitFileType = wrapper.application; includeInIndex = 0; path = 20191230_updown.app; sourceTree = BUILT_PRODUCTS_DIR; };
		09B0DC9F23B97A5F00FDCDDB /* AppDelegate.swift */ = {isa = PBXFileReference; lastKnownFileType = sourcecode.swift; path = AppDelegate.swift; sourceTree = "<group>"; };
		09B0DCA123B97A5F00FDCDDB /* SceneDelegate.swift */ = {isa = PBXFileReference; lastKnownFileType = sourcecode.swift; path = SceneDelegate.swift; sourceTree = "<group>"; };
		09B0DCA623B97A5F00FDCDDB /* Base */ = {isa = PBXFileReference; lastKnownFileType = file.storyboard; name = Base; path = Base.lproj/Main.storyboard; sourceTree = "<group>"; };
		09B0DCA823B97A6200FDCDDB /* Assets.xcassets */ = {isa = PBXFileReference; lastKnownFileType = folder.assetcatalog; path = Assets.xcassets; sourceTree = "<group>"; };
		09B0DCAB23B97A6200FDCDDB /* Base */ = {isa = PBXFileReference; lastKnownFileType = file.storyboard; name = Base; path = Base.lproj/LaunchScreen.storyboard; sourceTree = "<group>"; };
		09B0DCAD23B97A6200FDCDDB /* Info.plist */ = {isa = PBXFileReference; lastKnownFileType = text.plist.xml; path = Info.plist; sourceTree = "<group>"; };
		09B0DCB323B983B900FDCDDB /* upDownViewController.swift */ = {isa = PBXFileReference; lastKnownFileType = sourcecode.swift; path = upDownViewController.swift; sourceTree = "<group>"; };
/* End PBXFileReference section */

/* Begin PBXFrameworksBuildPhase section */
		09B0DC9923B97A5F00FDCDDB /* Frameworks */ = {
			isa = PBXFrameworksBuildPhase;
			buildActionMask = 2147483647;
			files = (
			);
			runOnlyForDeploymentPostprocessing = 0;
		};
/* End PBXFrameworksBuildPhase section */

/* Begin PBXGroup section */
		09B0DC9323B97A5F00FDCDDB = {
			isa = PBXGroup;
			children = (
				09B0DC9E23B97A5F00FDCDDB /* upDownGame */,
				09B0DC9D23B97A5F00FDCDDB /* Products */,
			);
			sourceTree = "<group>";
		};
		09B0DC9D23B97A5F00FDCDDB /* Products */ = {
			isa = PBXGroup;
			children = (
				09B0DC9C23B97A5F00FDCDDB /* 20191230_updown.app */,
			);
			name = Products;
			sourceTree = "<group>";
		};
		09B0DC9E23B97A5F00FDCDDB /* upDownGame */ = {
			isa = PBXGroup;
			children = (
				09B0DC9F23B97A5F00FDCDDB /* AppDelegate.swift */,
				09B0DCA123B97A5F00FDCDDB /* SceneDelegate.swift */,
				09B0DCA523B97A5F00FDCDDB /* Main.storyboard */,
				09B0DCB323B983B900FDCDDB /* upDownViewController.swift */,
				09B0DCA823B97A6200FDCDDB /* Assets.xcassets */,
				09B0DCAA23B97A6200FDCDDB /* LaunchScreen.storyboard */,
				09B0DCAD23B97A6200FDCDDB /* Info.plist */,
			);
			path = upDownGame;
			sourceTree = "<group>";
		};
/* End PBXGroup section */

/* Begin PBXNativeTarget section */
		09B0DC9B23B97A5F00FDCDDB /* 20191230_updown */ = {
			isa = PBXNativeTarget;
			buildConfigurationList = 09B0DCB023B97A6200FDCDDB /* Build configuration list for PBXNativeTarget "20191230_updown" */;
			buildPhases = (
				09B0DC9823B97A5F00FDCDDB /* Sources */,
				09B0DC9923B97A5F00FDCDDB /* Frameworks */,
				09B0DC9A23B97A5F00FDCDDB /* Resources */,
			);
			buildRules = (
			);
			dependencies = (
			);
			name = 20191230_updown;
			productName = 20191230_updown;
			productReference = 09B0DC9C23B97A5F00FDCDDB /* 20191230_updown.app */;
			productType = "com.apple.product-type.application";
		};
/* End PBXNativeTarget section */

/* Begin PBXProject section */
		09B0DC9423B97A5F00FDCDDB /* Project object */ = {
			isa = PBXProject;
			attributes = {
				LastSwiftUpdateCheck = 1120;
				LastUpgradeCheck = 1120;
				ORGANIZATIONNAME = Claire;
				TargetAttributes = {
					09B0DC9B23B97A5F00FDCDDB = {
						CreatedOnToolsVersion = 11.2.1;
					};
				};
			};
			buildConfigurationList = 09B0DC9723B97A5F00FDCDDB /* Build configuration list for PBXProject "upDownGame" */;
			compatibilityVersion = "Xcode 9.3";
			developmentRegion = en;
			hasScannedForEncodings = 0;
			knownRegions = (
				en,
				Base,
			);
			mainGroup = 09B0DC9323B97A5F00FDCDDB;
			productRefGroup = 09B0DC9D23B97A5F00FDCDDB /* Products */;
			projectDirPath = "";
			projectRoot = "";
			targets = (
				09B0DC9B23B97A5F00FDCDDB /* 20191230_updown */,
			);
		};
/* End PBXProject section */

/* Begin PBXResourcesBuildPhase section */
		09B0DC9A23B97A5F00FDCDDB /* Resources */ = {
			isa = PBXResourcesBuildPhase;
			buildActionMask = 2147483647;
			files = (
				09B0DCAC23B97A6200FDCDDB /* LaunchScreen.storyboard in Resources */,
				09B0DCA923B97A6200FDCDDB /* Assets.xcassets in Resources */,
				09B0DCA723B97A5F00FDCDDB /* Main.storyboard in Resources */,
			);
			runOnlyForDeploymentPostprocessing = 0;
		};
/* End PBXResourcesBuildPhase section */

/* Begin PBXSourcesBuildPhase section */
		09B0DC9823B97A5F00FDCDDB /* Sources */ = {
			isa = PBXSourcesBuildPhase;
			buildActionMask = 2147483647;
			files = (
				09B0DCB423B983B900FDCDDB /* upDownViewController.swift in Sources */,
				09B0DCA023B97A5F00FDCDDB /* AppDelegate.swift in Sources */,
				09B0DCA223B97A5F00FDCDDB /* SceneDelegate.swift in Sources */,
			);
			runOnlyForDeploymentPostprocessing = 0;
		};
/* End PBXSourcesBuildPhase section */

/* Begin PBXVariantGroup section */
		09B0DCA523B97A5F00FDCDDB /* Main.storyboard */ = {
			isa = PBXVariantGroup;
			children = (
				09B0DCA623B97A5F00FDCDDB /* Base */,
			);
			name = Main.storyboard;
			sourceTree = "<group>";
		};
		09B0DCAA23B97A6200FDCDDB /* LaunchScreen.storyboard */ = {
			isa = PBXVariantGroup;
			children = (
				09B0DCAB23B97A6200FDCDDB /* Base */,
			);
			name = LaunchScreen.storyboard;
			sourceTree = "<group>";
		};
/* End PBXVariantGroup section */

/* Begin XCBuildConfiguration section */
		09B0DCAE23B97A6200FDCDDB /* Debug */ = {
			isa = XCBuildConfiguration;
			buildSettings = {
				ALWAYS_SEARCH_USER_PATHS = NO;
				CLANG_ANALYZER_NONNULL = YES;
				CLANG_ANALYZER_NUMBER_OBJECT_CONVERSION = YES_AGGRESSIVE;
				CLANG_CXX_LANGUAGE_STANDARD = "gnu++14";
				CLANG_CXX_LIBRARY = "libc++";
				CLANG_ENABLE_MODULES = YES;
				CLANG_ENABLE_OBJC_ARC = YES;
				CLANG_ENABLE_OBJC_WEAK = YES;
				CLANG_WARN_BLOCK_CAPTURE_AUTORELEASING = YES;
				CLANG_WARN_BOOL_CONVERSION = YES;
				CLANG_WARN_COMMA = YES;
				CLANG_WARN_CONSTANT_CONVERSION = YES;
				CLANG_WARN_DEPRECATED_OBJC_IMPLEMENTATIONS = YES;
				CLANG_WARN_DIRECT_OBJC_ISA_USAGE = YES_ERROR;
				CLANG_WARN_DOCUMENTATION_COMMENTS = YES;
				CLANG_WARN_EMPTY_BODY = YES;
				CLANG_WARN_ENUM_CONVERSION = YES;
				CLANG_WARN_INFINITE_RECURSION = YES;
				CLANG_WARN_INT_CONVERSION = YES;
				CLANG_WARN_NON_LITERAL_NULL_CONVERSION = YES;
				CLANG_WARN_OBJC_IMPLICIT_RETAIN_SELF = YES;
				CLANG_WARN_OBJC_LITERAL_CONVERSION = YES;
				CLANG_WARN_OBJC_ROOT_CLASS = YES_ERROR;
				CLANG_WARN_RANGE_LOOP_ANALYSIS = YES;
				CLANG_WARN_STRICT_PROTOTYPES = YES;
				CLANG_WARN_SUSPICIOUS_MOVE = YES;
				CLANG_WARN_UNGUARDED_AVAILABILITY = YES_AGGRESSIVE;
				CLANG_WARN_UNREACHABLE_CODE = YES;
				CLANG_WARN__DUPLICATE_METHOD_MATCH = YES;
				COPY_PHASE_STRIP = NO;
				DEBUG_INFORMATION_FORMAT = dwarf;
				ENABLE_STRICT_OBJC_MSGSEND = YES;
				ENABLE_TESTABILITY = YES;
				GCC_C_LANGUAGE_STANDARD = gnu11;
				GCC_DYNAMIC_NO_PIC = NO;
				GCC_NO_COMMON_BLOCKS = YES;
				GCC_OPTIMIZATION_LEVEL = 0;
				GCC_PREPROCESSOR_DEFINITIONS = (
					"DEBUG=1",
					"$(inherited)",
				);
				GCC_WARN_64_TO_32_BIT_CONVERSION = YES;
				GCC_WARN_ABOUT_RETURN_TYPE = YES_ERROR;
				GCC_WARN_UNDECLARED_SELECTOR = YES;
				GCC_WARN_UNINITIALIZED_AUTOS = YES_AGGRESSIVE;
				GCC_WARN_UNUSED_FUNCTION = YES;
				GCC_WARN_UNUSED_VARIABLE = YES;
				IPHONEOS_DEPLOYMENT_TARGET = 13.2;
				MTL_ENABLE_DEBUG_INFO = INCLUDE_SOURCE;
				MTL_FAST_MATH = YES;
				ONLY_ACTIVE_ARCH = YES;
				SDKROOT = iphoneos;
				SWIFT_ACTIVE_COMPILATION_CONDITIONS = DEBUG;
				SWIFT_OPTIMIZATION_LEVEL = "-Onone";
			};
			name = Debug;
		};
		09B0DCAF23B97A6200FDCDDB /* Release */ = {
			isa = XCBuildConfiguration;
			buildSettings = {
				ALWAYS_SEARCH_USER_PATHS = NO;
				CLANG_ANALYZER_NONNULL = YES;
				CLANG_ANALYZER_NUMBER_OBJECT_CONVERSION = YES_AGGRESSIVE;
				CLANG_CXX_LANGUAGE_STANDARD = "gnu++14";
				CLANG_CXX_LIBRARY = "libc++";
				CLANG_ENABLE_MODULES = YES;
				CLANG_ENABLE_OBJC_ARC = YES;
				CLANG_ENABLE_OBJC_WEAK = YES;
				CLANG_WARN_BLOCK_CAPTURE_AUTORELEASING = YES;
				CLANG_WARN_BOOL_CONVERSION = YES;
				CLANG_WARN_COMMA = YES;
				CLANG_WARN_CONSTANT_CONVERSION = YES;
				CLANG_WARN_DEPRECATED_OBJC_IMPLEMENTATIONS = YES;
				CLANG_WARN_DIRECT_OBJC_ISA_USAGE = YES_ERROR;
				CLANG_WARN_DOCUMENTATION_COMMENTS = YES;
				CLANG_WARN_EMPTY_BODY = YES;
				CLANG_WARN_ENUM_CONVERSION = YES;
				CLANG_WARN_INFINITE_RECURSION = YES;
				CLANG_WARN_INT_CONVERSION = YES;
				CLANG_WARN_NON_LITERAL_NULL_CONVERSION = YES;
				CLANG_WARN_OBJC_IMPLICIT_RETAIN_SELF = YES;
				CLANG_WARN_OBJC_LITERAL_CONVERSION = YES;
				CLANG_WARN_OBJC_ROOT_CLASS = YES_ERROR;
				CLANG_WARN_RANGE_LOOP_ANALYSIS = YES;
				CLANG_WARN_STRICT_PROTOTYPES = YES;
				CLANG_WARN_SUSPICIOUS_MOVE = YES;
				CLANG_WARN_UNGUARDED_AVAILABILITY = YES_AGGRESSIVE;
				CLANG_WARN_UNREACHABLE_CODE = YES;
				CLANG_WARN__DUPLICATE_METHOD_MATCH = YES;
				COPY_PHASE_STRIP = NO;
				DEBUG_INFORMATION_FORMAT = "dwarf-with-dsym";
				ENABLE_NS_ASSERTIONS = NO;
				ENABLE_STRICT_OBJC_MSGSEND = YES;
				GCC_C_LANGUAGE_STANDARD = gnu11;
				GCC_NO_COMMON_BLOCKS = YES;
				GCC_WARN_64_TO_32_BIT_CONVERSION = YES;
				GCC_WARN_ABOUT_RETURN_TYPE = YES_ERROR;
				GCC_WARN_UNDECLARED_SELECTOR = YES;
				GCC_WARN_UNINITIALIZED_AUTOS = YES_AGGRESSIVE;
				GCC_WARN_UNUSED_FUNCTION = YES;
				GCC_WARN_UNUSED_VARIABLE = YES;
				IPHONEOS_DEPLOYMENT_TARGET = 13.2;
				MTL_ENABLE_DEBUG_INFO = NO;
				MTL_FAST_MATH = YES;
				SDKROOT = iphoneos;
				SWIFT_COMPILATION_MODE = wholemodule;
				SWIFT_OPTIMIZATION_LEVEL = "-O";
				VALIDATE_PRODUCT = YES;
			};
			name = Release;
		};
		09B0DCB123B97A6200FDCDDB /* Debug */ = {
			isa = XCBuildConfiguration;
			buildSettings = {
				ASSETCATALOG_COMPILER_APPICON_NAME = AppIcon;
				CODE_SIGN_STYLE = Automatic;
				DEVELOPMENT_TEAM = "";
				INFOPLIST_FILE = 20191230_updown/Info.plist;
				LD_RUNPATH_SEARCH_PATHS = (
					"$(inherited)",
					"@executable_path/Frameworks",
				);
				PRODUCT_BUNDLE_IDENTIFIER = "com.claire.-0191230-updown";
				PRODUCT_NAME = "$(TARGET_NAME)";
				SWIFT_VERSION = 5.0;
				TARGETED_DEVICE_FAMILY = "1,2";
			};
			name = Debug;
		};
		09B0DCB223B97A6200FDCDDB /* Release */ = {
			isa = XCBuildConfiguration;
			buildSettings = {
				ASSETCATALOG_COMPILER_APPICON_NAME = AppIcon;
				CODE_SIGN_STYLE = Automatic;
				DEVELOPMENT_TEAM = "";
				INFOPLIST_FILE = 20191230_updown/Info.plist;
				LD_RUNPATH_SEARCH_PATHS = (
					"$(inherited)",
					"@executable_path/Frameworks",
				);
				PRODUCT_BUNDLE_IDENTIFIER = "com.claire.-0191230-updown";
				PRODUCT_NAME = "$(TARGET_NAME)";
				SWIFT_VERSION = 5.0;
				TARGETED_DEVICE_FAMILY = "1,2";
			};
			name = Release;
		};
/* End XCBuildConfiguration section */

/* Begin XCConfigurationList section */
		09B0DC9723B97A5F00FDCDDB /* Build configuration list for PBXProject "upDownGame" */ = {
			isa = XCConfigurationList;
			buildConfigurations = (
				09B0DCAE23B97A6200FDCDDB /* Debug */,
				09B0DCAF23B97A6200FDCDDB /* Release */,
			);
			defaultConfigurationIsVisible = 0;
			defaultConfigurationName = Release;
		};
		09B0DCB023B97A6200FDCDDB /* Build configuration list for PBXNativeTarget "20191230_updown" */ = {
			isa = XCConfigurationList;
			buildConfigurations = (
				09B0DCB123B97A6200FDCDDB /* Debug */,
				09B0DCB223B97A6200FDCDDB /* Release */,
			);
			defaultConfigurationIsVisible = 0;
			defaultConfigurationName = Release;
		};
/* End XCConfigurationList section */
	};
	rootObject = 09B0DC9423B97A5F00FDCDDB /* Project object */;
}
